
Microsoft Visual Studio Solution File, Format Version 12.00
# Visual Studio Version 17
VisualStudioVersion = 17.5.33502.453
MinimumVisualStudioVersion = 10.0.40219.1
Project("{FAE04EC0-301F-11D3-BF4B-00C04F79EFBC}") = "Apart", "Apart\Apart.csproj", "{88334B09-66CB-4DC5-B19E-D585E573F562}"
EndProject
Global
	GlobalSection(SolutionConfigurationPlatforms) = preSolution
		Debug|Any CPU = Debug|Any CPU
		Release|Any CPU = Release|Any CPU
	EndGlobalSection
	GlobalSection(ProjectConfigurationPlatforms) = postSolution
		{88334B09-66CB-4DC5-B19E-D585E573F562}.Debug|Any CPU.ActiveCfg = Debug|Any CPU
		{88334B09-66CB-4DC5-B19E-D585E573F562}.Debug|Any CPU.Build.0 = Debug|Any CPU
		{88334B09-66CB-4DC5-B19E-D585E573F562}.Release|Any CPU.ActiveCfg = Release|Any CPU
		{88334B09-66CB-4DC5-B19E-D585E573F562}.Release|Any CPU.Build.0 = Release|Any CPU
	EndGlobalSection
	GlobalSection(SolutionProperties) = preSolution
		HideSolutionNode = FALSE
	EndGlobalSection
	GlobalSection(ExtensibilityGlobals) = postSolution
		SolutionGuid = {8B119612-D783-4BF6-B6D0-3584F18B682D}
	EndGlobalSection
EndGlobal
